
Microsoft Visual Studio Solution File, Format Version 12.00
# Visual Studio Version 16
VisualStudioVersion = 16.0.29102.190
MinimumVisualStudioVersion = 10.0.40219.1
Project("{9A19103F-16F7-4668-BE54-9A1E7A4F7556}") = "VideoHub.WebApi", "VideoHub.WebApi\VideoHub.WebApi.csproj", "{F743BBBF-C6A0-409D-8AE3-A3820F456E7F}"
EndProject
Project("{2150E333-8FDC-42A3-9474-1A3956D46DE8}") = "Application", "Application", "{F9D71EBA-EC82-4D24-9FF8-D0B7CA64F343}"
EndProject
Project("{2150E333-8FDC-42A3-9474-1A3956D46DE8}") = "Entities", "Entities", "{C2F9BB88-BEAC-45B3-ADE9-3D69A7BC6555}"
EndProject
Project("{2150E333-8FDC-42A3-9474-1A3956D46DE8}") = "Domains", "Domains", "{B5FE52D9-2722-4279-80BB-E530ADCF3F68}"
EndProject
Project("{2150E333-8FDC-42A3-9474-1A3956D46DE8}") = "Services", "Services", "{41998F5E-C379-4252-B267-3A3811A82F5B}"
EndProject
Project("{2150E333-8FDC-42A3-9474-1A3956D46DE8}") = "Expansions", "Expansions", "{FDF9E419-6B2A-4A54-BC6D-40198BEEB30E}"
EndProject
Project("{9A19103F-16F7-4668-BE54-9A1E7A4F7556}") = "VideoHub.ServiceCollection", "ServiceCollection.HttpClient\VideoHub.ServiceCollection.csproj", "{6B866DD9-0D2E-4BB3-8892-22EB8BA88C24}"
EndProject
Project("{9A19103F-16F7-4668-BE54-9A1E7A4F7556}") = "IService", "IService\IService.csproj", "{FE153A0D-268E-4F4B-92F3-1AE57E1B034C}"
EndProject
Project("{9A19103F-16F7-4668-BE54-9A1E7A4F7556}") = "VideoHub.AccountEntity", "VideoHub.AccountEntity\VideoHub.AccountEntity.csproj", "{3D335C81-6812-4C29-A121-4357B509A51E}"
EndProject
Project("{9A19103F-16F7-4668-BE54-9A1E7A4F7556}") = "VideoHub.ServiceApi", "VideoHub.ServiceApi\VideoHub.ServiceApi.csproj", "{E279125A-668E-48E1-AEB1-68EF181AABB9}"
EndProject
Project("{9A19103F-16F7-4668-BE54-9A1E7A4F7556}") = "VideoHub.Db", "VideoHub.Db\VideoHub.Db.csproj", "{6C75591C-E610-487D-B483-3D88870D5802}"
EndProject
Project("{2150E333-8FDC-42A3-9474-1A3956D46DE8}") = "Common", "Common", "{37A6D7EF-B875-42F5-BE1D-66B2E1AB95C0}"
EndProject
Project("{9A19103F-16F7-4668-BE54-9A1E7A4F7556}") = "Commons", "Commons\Commons.csproj", "{5931FDF6-E6A7-4E6F-916A-937106CFD0CA}"
EndProject
Project("{9A19103F-16F7-4668-BE54-9A1E7A4F7556}") = "Service", "Service\Service.csproj", "{1A75B0E1-1AF8-4B9A-BC95-A095BF5DC9B3}"
EndProject
Project("{9A19103F-16F7-4668-BE54-9A1E7A4F7556}") = "VideoHub.CommonEntity", "VideoHub.CommonEntity\VideoHub.CommonEntity.csproj", "{6DFF4E9C-E1CD-4DDB-AF22-823A4E778DCC}"
EndProject
Project("{2150E333-8FDC-42A3-9474-1A3956D46DE8}") = "VideoHub.BackgroundTasks", "VideoHub.BackgroundTasks", "{49BAA1A8-5FCC-4B21-A187-77D6D37F33FE}"
EndProject
Global
	GlobalSection(SolutionConfigurationPlatforms) = preSolution
		Debug|Any CPU = Debug|Any CPU
		Release|Any CPU = Release|Any CPU
	EndGlobalSection
	GlobalSection(ProjectConfigurationPlatforms) = postSolution
		{F743BBBF-C6A0-409D-8AE3-A3820F456E7F}.Debug|Any CPU.ActiveCfg = Debug|Any CPU
		{F743BBBF-C6A0-409D-8AE3-A3820F456E7F}.Debug|Any CPU.Build.0 = Debug|Any CPU
		{F743BBBF-C6A0-409D-8AE3-A3820F456E7F}.Release|Any CPU.ActiveCfg = Release|Any CPU
		{F743BBBF-C6A0-409D-8AE3-A3820F456E7F}.Release|Any CPU.Build.0 = Release|Any CPU
		{6B866DD9-0D2E-4BB3-8892-22EB8BA88C24}.Debug|Any CPU.ActiveCfg = Debug|Any CPU
		{6B866DD9-0D2E-4BB3-8892-22EB8BA88C24}.Debug|Any CPU.Build.0 = Debug|Any CPU
		{6B866DD9-0D2E-4BB3-8892-22EB8BA88C24}.Release|Any CPU.ActiveCfg = Release|Any CPU
		{6B866DD9-0D2E-4BB3-8892-22EB8BA88C24}.Release|Any CPU.Build.0 = Release|Any CPU
		{FE153A0D-268E-4F4B-92F3-1AE57E1B034C}.Debug|Any CPU.ActiveCfg = Debug|Any CPU
		{FE153A0D-268E-4F4B-92F3-1AE57E1B034C}.Debug|Any CPU.Build.0 = Debug|Any CPU
		{FE153A0D-268E-4F4B-92F3-1AE57E1B034C}.Release|Any CPU.ActiveCfg = Release|Any CPU
		{FE153A0D-268E-4F4B-92F3-1AE57E1B034C}.Release|Any CPU.Build.0 = Release|Any CPU
		{3D335C81-6812-4C29-A121-4357B509A51E}.Debug|Any CPU.ActiveCfg = Debug|Any CPU
		{3D335C81-6812-4C29-A121-4357B509A51E}.Debug|Any CPU.Build.0 = Debug|Any CPU
		{3D335C81-6812-4C29-A121-4357B509A51E}.Release|Any CPU.ActiveCfg = Release|Any CPU
		{3D335C81-6812-4C29-A121-4357B509A51E}.Release|Any CPU.Build.0 = Release|Any CPU
		{E279125A-668E-48E1-AEB1-68EF181AABB9}.Debug|Any CPU.ActiveCfg = Debug|Any CPU
		{E279125A-668E-48E1-AEB1-68EF181AABB9}.Debug|Any CPU.Build.0 = Debug|Any CPU
		{E279125A-668E-48E1-AEB1-68EF181AABB9}.Release|Any CPU.ActiveCfg = Release|Any CPU
		{E279125A-668E-48E1-AEB1-68EF181AABB9}.Release|Any CPU.Build.0 = Release|Any CPU
		{6C75591C-E610-487D-B483-3D88870D5802}.Debug|Any CPU.ActiveCfg = Debug|Any CPU
		{6C75591C-E610-487D-B483-3D88870D5802}.Debug|Any CPU.Build.0 = Debug|Any CPU
		{6C75591C-E610-487D-B483-3D88870D5802}.Release|Any CPU.ActiveCfg = Release|Any CPU
		{6C75591C-E610-487D-B483-3D88870D5802}.Release|Any CPU.Build.0 = Release|Any CPU
		{5931FDF6-E6A7-4E6F-916A-937106CFD0CA}.Debug|Any CPU.ActiveCfg = Debug|Any CPU
		{5931FDF6-E6A7-4E6F-916A-937106CFD0CA}.Debug|Any CPU.Build.0 = Debug|Any CPU
		{5931FDF6-E6A7-4E6F-916A-937106CFD0CA}.Release|Any CPU.ActiveCfg = Release|Any CPU
		{5931FDF6-E6A7-4E6F-916A-937106CFD0CA}.Release|Any CPU.Build.0 = Release|Any CPU
		{1A75B0E1-1AF8-4B9A-BC95-A095BF5DC9B3}.Debug|Any CPU.ActiveCfg = Debug|Any CPU
		{1A75B0E1-1AF8-4B9A-BC95-A095BF5DC9B3}.Debug|Any CPU.Build.0 = Debug|Any CPU
		{1A75B0E1-1AF8-4B9A-BC95-A095BF5DC9B3}.Release|Any CPU.ActiveCfg = Release|Any CPU
		{1A75B0E1-1AF8-4B9A-BC95-A095BF5DC9B3}.Release|Any CPU.Build.0 = Release|Any CPU
		{6DFF4E9C-E1CD-4DDB-AF22-823A4E778DCC}.Debug|Any CPU.ActiveCfg = Debug|Any CPU
		{6DFF4E9C-E1CD-4DDB-AF22-823A4E778DCC}.Debug|Any CPU.Build.0 = Debug|Any CPU
		{6DFF4E9C-E1CD-4DDB-AF22-823A4E778DCC}.Release|Any CPU.ActiveCfg = Release|Any CPU
		{6DFF4E9C-E1CD-4DDB-AF22-823A4E778DCC}.Release|Any CPU.Build.0 = Release|Any CPU
	EndGlobalSection
	GlobalSection(SolutionProperties) = preSolution
		HideSolutionNode = FALSE
	EndGlobalSection
	GlobalSection(NestedProjects) = preSolution
		{F743BBBF-C6A0-409D-8AE3-A3820F456E7F} = {F9D71EBA-EC82-4D24-9FF8-D0B7CA64F343}
		{6B866DD9-0D2E-4BB3-8892-22EB8BA88C24} = {FDF9E419-6B2A-4A54-BC6D-40198BEEB30E}
		{FE153A0D-268E-4F4B-92F3-1AE57E1B034C} = {41998F5E-C379-4252-B267-3A3811A82F5B}
		{3D335C81-6812-4C29-A121-4357B509A51E} = {C2F9BB88-BEAC-45B3-ADE9-3D69A7BC6555}
		{E279125A-668E-48E1-AEB1-68EF181AABB9} = {F9D71EBA-EC82-4D24-9FF8-D0B7CA64F343}
		{6C75591C-E610-487D-B483-3D88870D5802} = {B5FE52D9-2722-4279-80BB-E530ADCF3F68}
		{5931FDF6-E6A7-4E6F-916A-937106CFD0CA} = {37A6D7EF-B875-42F5-BE1D-66B2E1AB95C0}
		{1A75B0E1-1AF8-4B9A-BC95-A095BF5DC9B3} = {41998F5E-C379-4252-B267-3A3811A82F5B}
		{6DFF4E9C-E1CD-4DDB-AF22-823A4E778DCC} = {C2F9BB88-BEAC-45B3-ADE9-3D69A7BC6555}
	EndGlobalSection
	GlobalSection(ExtensibilityGlobals) = postSolution
		SolutionGuid = {787288EC-DC83-4975-A46F-3C5CD776F025}
	EndGlobalSection
EndGlobal
